{
  "name": "calculate-module",
  "version": "2.0.0",
  "lockfileVersion": 2,
  "requires": true,
  "packages": {
    "": {
      "version": "2.0.0",
      "license": "ISC",
      "dependencies": {
        "express": "^4.17.1",
        "knex": "^0.21.16",
        "mysql": "^2.18.1"
      }
    },
    "node_modules/_debug@4.3.1@debug": {
      "name": "debug",
      "version": "4.3.1",
      "resolved": "https://registry.npm.taobao.org/debug/download/debug-4.3.1.tgz?cache=0&sync_timestamp=1607566566445&other_urls=https%3A%2F%2Fregistry.npm.taobao.org%2Fdebug%2Fdownload%2Fdebug-4.3.1.tgz",
      "license": "MIT",
      "dependencies": {
        "ms": "2.1.2"
      },
      "engines": {
        "node": ">=6.0"
      },
      "peerDependenciesMeta": {
        "supports-color": {
          "optional": true
        }
      }
    },
    "node_modules/_debug@4.3.1@debug/node_modules/ms": {
      "resolved": "node_modules/_ms@2.1.2@ms",
      "link": true
    },
    "node_modules/_express@4.17.1@express": {
      "name": "express",
      "version": "4.17.1",
      "resolved": "https://registry.npm.taobao.org/express/download/express-4.17.1.tgz?cache=0&sync_timestamp=1591175022227&other_urls=https%3A%2F%2Fregistry.npm.taobao.org%2Fexpress%2Fdownload%2Fexpress-4.17.1.tgz",
      "license": "MIT",
      "dependencies": {
        "accepts": "~1.3.7",
        "array-flatten": "1.1.1",
        "body-parser": "1.19.0",
        "content-disposition": "0.5.3",
        "content-type": "~1.0.4",
        "cookie": "0.4.0",
        "cookie-signature": "1.0.6",
        "debug": "2.6.9",
        "depd": "~1.1.2",
        "encodeurl": "~1.0.2",
        "escape-html": "~1.0.3",
        "etag": "~1.8.1",
        "finalhandler": "~1.1.2",
        "fresh": "0.5.2",
        "merge-descriptors": "1.0.1",
        "methods": "~1.1.2",
        "on-finished": "~2.3.0",
        "parseurl": "~1.3.3",
        "path-to-regexp": "0.1.7",
        "proxy-addr": "~2.0.5",
        "qs": "6.7.0",
        "range-parser": "~1.2.1",
        "safe-buffer": "5.1.2",
        "send": "0.17.1",
        "serve-static": "1.14.1",
        "setprototypeof": "1.1.1",
        "statuses": "~1.5.0",
        "type-is": "~1.6.18",
        "utils-merge": "1.0.1",
        "vary": "~1.1.2"
      },
      "engines": {
        "node": ">= 0.10.0"
      }
    },
    "node_modules/_express@4.17.1@express/node_modules/accepts": {
      "resolved": "node_modules/_accepts@1.3.7@accepts",
      "link": true
    },
    "node_modules/_express@4.17.1@express/node_modules/array-flatten": {
      "resolved": "node_modules/_array-flatten@1.1.1@array-flatten",
      "link": true
    },
    "node_modules/_express@4.17.1@express/node_modules/body-parser": {
      "resolved": "node_modules/_body-parser@1.19.0@body-parser",
      "link": true
    },
    "node_modules/_express@4.17.1@express/node_modules/content-disposition": {
      "resolved": "node_modules/_content-disposition@0.5.3@content-disposition",
      "link": true
    },
    "node_modules/_express@4.17.1@express/node_modules/content-type": {
      "resolved": "node_modules/_content-type@1.0.4@content-type",
      "link": true
    },
    "node_modules/_express@4.17.1@express/node_modules/cookie": {
      "resolved": "node_modules/_cookie@0.4.0@cookie",
      "link": true
    },
    "node_modules/_express@4.17.1@express/node_modules/cookie-signature": {
      "resolved": "node_modules/_cookie-signature@1.0.6@cookie-signature",
      "link": true
    },
    "node_modules/_express@4.17.1@express/node_modules/debug": {
      "resolved": "node_modules/_debug@2.6.9@debug",
      "link": true
    },
    "node_modules/_express@4.17.1@express/node_modules/depd": {
      "resolved": "node_modules/_depd@1.1.2@depd",
      "link": true
    },
    "node_modules/_express@4.17.1@express/node_modules/encodeurl": {
      "resolved": "node_modules/_encodeurl@1.0.2@encodeurl",
      "link": true
    },
    "node_modules/_express@4.17.1@express/node_modules/escape-html": {
      "resolved": "node_modules/_escape-html@1.0.3@escape-html",
      "link": true
    },
    "node_modules/_express@4.17.1@express/node_modules/etag": {
      "resolved": "node_modules/_etag@1.8.1@etag",
      "link": true
    },
    "node_modules/_express@4.17.1@express/node_modules/finalhandler": {
      "resolved": "node_modules/_finalhandler@1.1.2@finalhandler",
      "link": true
    },
    "node_modules/_express@4.17.1@express/node_modules/fresh": {
      "resolved": "node_modules/_fresh@0.5.2@fresh",
      "link": true
    },
    "node_modules/_express@4.17.1@express/node_modules/merge-descriptors": {
      "resolved": "node_modules/_merge-descriptors@1.0.1@merge-descriptors",
      "link": true
    },
    "node_modules/_express@4.17.1@express/node_modules/methods": {
      "resolved": "node_modules/_methods@1.1.2@methods",
      "link": true
    },
    "node_modules/_express@4.17.1@express/node_modules/on-finished": {
      "resolved": "node_modules/_on-finished@2.3.0@on-finished",
      "link": true
    },
    "node_modules/_express@4.17.1@express/node_modules/parseurl": {
      "resolved": "node_modules/_parseurl@1.3.3@parseurl",
      "link": true
    },
    "node_modules/_express@4.17.1@express/node_modules/path-to-regexp": {
      "resolved": "node_modules/_path-to-regexp@0.1.7@path-to-regexp",
      "link": true
    },
    "node_modules/_express@4.17.1@express/node_modules/proxy-addr": {
      "resolved": "node_modules/_proxy-addr@2.0.6@proxy-addr",
      "link": true
    },
    "node_modules/_express@4.17.1@express/node_modules/qs": {
      "resolved": "node_modules/_qs@6.7.0@qs",
      "link": true
    },
    "node_modules/_express@4.17.1@express/node_modules/range-parser": {
      "resolved": "node_modules/_range-parser@1.2.1@range-parser",
      "link": true
    },
    "node_modules/_express@4.17.1@express/node_modules/safe-buffer": {
      "resolved": "node_modules/_safe-buffer@5.1.2@safe-buffer",
      "link": true
    },
    "node_modules/_express@4.17.1@express/node_modules/send": {
      "resolved": "node_modules/_send@0.17.1@send",
      "link": true
    },
    "node_modules/_express@4.17.1@express/node_modules/serve-static": {
      "resolved": "node_modules/_serve-static@1.14.1@serve-static",
      "link": true
    },
    "node_modules/_express@4.17.1@express/node_modules/setprototypeof": {
      "resolved": "node_modules/_setprototypeof@1.1.1@setprototypeof",
      "link": true
    },
    "node_modules/_express@4.17.1@express/node_modules/statuses": {
      "resolved": "node_modules/_statuses@1.5.0@statuses",
      "link": true
    },
    "node_modules/_express@4.17.1@express/node_modules/type-is": {
      "resolved": "node_modules/_type-is@1.6.18@type-is",
      "link": true
    },
    "node_modules/_express@4.17.1@express/node_modules/utils-merge": {
      "resolved": "node_modules/_utils-merge@1.0.1@utils-merge",
      "link": true
    },
    "node_modules/_express@4.17.1@express/node_modules/vary": {
      "resolved": "node_modules/_vary@1.1.2@vary",
      "link": true
    },
    "node_modules/_knex@0.21.16@knex": {
      "name": "knex",
      "version": "0.21.16",
      "resolved": "https://registry.npm.taobao.org/knex/download/knex-0.21.16.tgz",
      "license": "MIT",
      "dependencies": {
        "colorette": "1.2.1",
        "commander": "^6.2.0",
        "debug": "4.3.1",
        "esm": "^3.2.25",
        "getopts": "2.2.5",
        "interpret": "^2.2.0",
        "liftoff": "3.1.0",
        "lodash": "^4.17.20",
        "pg-connection-string": "2.4.0",
        "tarn": "^3.0.1",
        "tildify": "2.0.0",
        "v8flags": "^3.2.0"
      },
      "bin": {
        "knex": "bin/cli.js"
      },
      "engines": {
        "node": ">=10"
      },
      "peerDependencies": {
        "mssql": "^6.2.1",
        "mysql": "^2.18.1",
        "mysql2": "^2.1.0",
        "pg": "^8.3.0",
        "sqlite3": "^5.0.0"
      },
      "peerDependenciesMeta": {
        "mssql": {
          "optional": true
        },
        "mysql": {
          "optional": true
        },
        "mysql2": {
          "optional": true
        },
        "pg": {
          "optional": true
        },
        "sqlite3": {
          "optional": true
        }
      }
    },
    "node_modules/_knex@0.21.16@knex/node_modules/colorette": {
      "resolved": "node_modules/_colorette@1.2.1@colorette",
      "link": true
    },
    "node_modules/_knex@0.21.16@knex/node_modules/commander": {
      "resolved": "node_modules/_commander@6.2.1@commander",
      "link": true
    },
    "node_modules/_knex@0.21.16@knex/node_modules/debug": {
      "resolved": "node_modules/_debug@4.3.1@debug",
      "link": true
    },
    "node_modules/_knex@0.21.16@knex/node_modules/esm": {
      "resolved": "node_modules/_esm@3.2.25@esm",
      "link": true
    },
    "node_modules/_knex@0.21.16@knex/node_modules/getopts": {
      "resolved": "node_modules/_getopts@2.2.5@getopts",
      "link": true
    },
    "node_modules/_knex@0.21.16@knex/node_modules/interpret": {
      "resolved": "node_modules/_interpret@2.2.0@interpret",
      "link": true
    },
    "node_modules/_knex@0.21.16@knex/node_modules/liftoff": {
      "resolved": "node_modules/_liftoff@3.1.0@liftoff",
      "link": true
    },
    "node_modules/_knex@0.21.16@knex/node_modules/lodash": {
      "resolved": "node_modules/_lodash@4.17.20@lodash",
      "link": true
    },
    "node_modules/_knex@0.21.16@knex/node_modules/pg-connection-string": {
      "resolved": "node_modules/_pg-connection-string@2.4.0@pg-connection-string",
      "link": true
    },
    "node_modules/_knex@0.21.16@knex/node_modules/tarn": {
      "resolved": "node_modules/_tarn@3.0.1@tarn",
      "link": true
    },
    "node_modules/_knex@0.21.16@knex/node_modules/tildify": {
      "resolved": "node_modules/_tildify@2.0.0@tildify",
      "link": true
    },
    "node_modules/_knex@0.21.16@knex/node_modules/v8flags": {
      "resolved": "node_modules/_v8flags@3.2.0@v8flags",
      "link": true
    },
    "node_modules/_ms@2.1.2@ms": {
      "name": "ms",
      "version": "2.1.2",
      "resolved": "https://registry.npm.taobao.org/ms/download/ms-2.1.2.tgz",
      "license": "MIT"
    },
    "node_modules/_mysql@2.18.1@mysql": {
      "name": "mysql",
      "version": "2.18.1",
      "resolved": "https://registry.npm.taobao.org/mysql/download/mysql-2.18.1.tgz",
      "license": "MIT",
      "dependencies": {
        "bignumber.js": "9.0.0",
        "readable-stream": "2.3.7",
        "safe-buffer": "5.1.2",
        "sqlstring": "2.3.1"
      },
      "engines": {
        "node": ">= 0.6"
      }
    },
    "node_modules/_mysql@2.18.1@mysql/node_modules/bignumber.js": {
      "resolved": "node_modules/_bignumber.js@9.0.0@bignumber.js",
      "link": true
    },
    "node_modules/_mysql@2.18.1@mysql/node_modules/readable-stream": {
      "resolved": "node_modules/_readable-stream@2.3.7@readable-stream",
      "link": true
    },
    "node_modules/_mysql@2.18.1@mysql/node_modules/safe-buffer": {
      "resolved": "node_modules/_safe-buffer@5.1.2@safe-buffer",
      "link": true
    },
    "node_modules/_mysql@2.18.1@mysql/node_modules/sqlstring": {
      "resolved": "node_modules/_sqlstring@2.3.1@sqlstring",
      "link": true
    },
    "node_modules/express": {
      "resolved": "node_modules/_express@4.17.1@express",
      "link": true
    },
    "node_modules/knex": {
      "resolved": "node_modules/_knex@0.21.16@knex",
      "link": true
    },
    "node_modules/mysql": {
      "resolved": "node_modules/_mysql@2.18.1@mysql",
      "link": true
    }
  },
  "dependencies": {
    "_debug@4.3.1@debug": {
      "version": "https://registry.npm.taobao.org/debug/download/debug-4.3.1.tgz?cache=0&sync_timestamp=1607566566445&other_urls=https%3A%2F%2Fregistry.npm.taobao.org%2Fdebug%2Fdownload%2Fdebug-4.3.1.tgz",
      "requires": {
        "ms": "2.1.2"
      },
      "dependencies": {
        "ms": {
          "version": "file:node_modules/_ms@2.1.2@ms"
        }
      }
    },
    "_express@4.17.1@express": {
      "version": "https://registry.npm.taobao.org/express/download/express-4.17.1.tgz?cache=0&sync_timestamp=1591175022227&other_urls=https%3A%2F%2Fregistry.npm.taobao.org%2Fexpress%2Fdownload%2Fexpress-4.17.1.tgz",
      "requires": {
        "accepts": "~1.3.7",
        "array-flatten": "1.1.1",
        "body-parser": "1.19.0",
        "content-disposition": "0.5.3",
        "content-type": "~1.0.4",
        "cookie": "0.4.0",
        "cookie-signature": "1.0.6",
        "debug": "2.6.9",
        "depd": "~1.1.2",
        "encodeurl": "~1.0.2",
        "escape-html": "~1.0.3",
        "etag": "~1.8.1",
        "finalhandler": "~1.1.2",
        "fresh": "0.5.2",
        "merge-descriptors": "1.0.1",
        "methods": "~1.1.2",
        "on-finished": "~2.3.0",
        "parseurl": "~1.3.3",
        "path-to-regexp": "0.1.7",
        "proxy-addr": "~2.0.5",
        "qs": "6.7.0",
        "range-parser": "~1.2.1",
        "safe-buffer": "5.1.2",
        "send": "0.17.1",
        "serve-static": "1.14.1",
        "setprototypeof": "1.1.1",
        "statuses": "~1.5.0",
        "type-is": "~1.6.18",
        "utils-merge": "1.0.1",
        "vary": "~1.1.2"
      },
      "dependencies": {
        "accepts": {
          "version": "1.3.7"
        },
        "array-flatten": {
          "version": "1.1.1"
        },
        "body-parser": {
          "version": "1.19.0"
        },
        "content-disposition": {
          "version": "0.5.3"
        },
        "content-type": {
          "version": "1.0.4"
        },
        "cookie": {
          "version": "0.4.0"
        },
        "cookie-signature": {
          "version": "1.0.6"
        },
        "debug": {
          "version": "2.6.9"
        },
        "depd": {
          "version": "1.1.2"
        },
        "encodeurl": {
          "version": "1.0.2"
        },
        "escape-html": {
          "version": "1.0.3"
        },
        "etag": {
          "version": "1.8.1"
        },
        "finalhandler": {
          "version": "1.1.2"
        },
        "fresh": {
          "version": "0.5.2"
        },
        "merge-descriptors": {
          "version": "1.0.1"
        },
        "methods": {
          "version": "1.1.2"
        },
        "on-finished": {
          "version": "2.3.0"
        },
        "parseurl": {
          "version": "1.3.3"
        },
        "path-to-regexp": {
          "version": "0.1.7"
        },
        "proxy-addr": {
          "version": "2.0.6"
        },
        "qs": {
          "version": "6.7.0"
        },
        "range-parser": {
          "version": "1.2.1"
        },
        "safe-buffer": {
          "version": "5.1.2"
        },
        "send": {
          "version": "0.17.1"
        },
        "serve-static": {
          "version": "1.14.1"
        },
        "setprototypeof": {
          "version": "1.1.1"
        },
        "statuses": {
          "version": "1.5.0"
        },
        "type-is": {
          "version": "1.6.18"
        },
        "utils-merge": {
          "version": "1.0.1"
        },
        "vary": {
          "version": "1.1.2"
        }
      }
    },
    "_knex@0.21.16@knex": {
      "version": "https://registry.npm.taobao.org/knex/download/knex-0.21.16.tgz",
      "requires": {
        "colorette": "1.2.1",
        "commander": "^6.2.0",
        "debug": "4.3.1",
        "esm": "^3.2.25",
        "getopts": "2.2.5",
        "interpret": "^2.2.0",
        "liftoff": "3.1.0",
        "lodash": "^4.17.20",
        "pg-connection-string": "2.4.0",
        "tarn": "^3.0.1",
        "tildify": "2.0.0",
        "v8flags": "^3.2.0"
      },
      "dependencies": {
        "colorette": {
          "version": "1.2.1"
        },
        "commander": {
          "version": "6.2.1"
        },
        "debug": {
          "version": "file:node_modules/_debug@4.3.1@debug",
          "requires": {
            "ms": "2.1.2"
          },
          "dependencies": {
            "ms": {
              "version": "file:node_modules/_ms@2.1.2@ms"
            }
          }
        },
        "esm": {
          "version": "3.2.25"
        },
        "getopts": {
          "version": "2.2.5"
        },
        "interpret": {
          "version": "2.2.0"
        },
        "liftoff": {
          "version": "3.1.0"
        },
        "lodash": {
          "version": "4.17.20"
        },
        "pg-connection-string": {
          "version": "2.4.0"
        },
        "tarn": {
          "version": "3.0.1"
        },
        "tildify": {
          "version": "2.0.0"
        },
        "v8flags": {
          "version": "3.2.0"
        }
      }
    },
    "_ms@2.1.2@ms": {
      "version": "https://registry.npm.taobao.org/ms/download/ms-2.1.2.tgz"
    },
    "_mysql@2.18.1@mysql": {
      "version": "https://registry.npm.taobao.org/mysql/download/mysql-2.18.1.tgz",
      "requires": {
        "bignumber.js": "9.0.0",
        "readable-stream": "2.3.7",
        "safe-buffer": "5.1.2",
        "sqlstring": "2.3.1"
      },
      "dependencies": {
        "bignumber.js": {
          "version": "9.0.0"
        },
        "readable-stream": {
          "version": "2.3.7"
        },
        "safe-buffer": {
          "version": "5.1.2"
        },
        "sqlstring": {
          "version": "2.3.1"
        }
      }
    },
    "express": {
      "version": "file:node_modules/_express@4.17.1@express",
      "requires": {
        "accepts": "~1.3.7",
        "array-flatten": "1.1.1",
        "body-parser": "1.19.0",
        "content-disposition": "0.5.3",
        "content-type": "~1.0.4",
        "cookie": "0.4.0",
        "cookie-signature": "1.0.6",
        "debug": "2.6.9",
        "depd": "~1.1.2",
        "encodeurl": "~1.0.2",
        "escape-html": "~1.0.3",
        "etag": "~1.8.1",
        "finalhandler": "~1.1.2",
        "fresh": "0.5.2",
        "merge-descriptors": "1.0.1",
        "methods": "~1.1.2",
        "on-finished": "~2.3.0",
        "parseurl": "~1.3.3",
        "path-to-regexp": "0.1.7",
        "proxy-addr": "~2.0.5",
        "qs": "6.7.0",
        "range-parser": "~1.2.1",
        "safe-buffer": "5.1.2",
        "send": "0.17.1",
        "serve-static": "1.14.1",
        "setprototypeof": "1.1.1",
        "statuses": "~1.5.0",
        "type-is": "~1.6.18",
        "utils-merge": "1.0.1",
        "vary": "~1.1.2"
      },
      "dependencies": {
        "accepts": {
          "version": "1.3.7"
        },
        "array-flatten": {
          "version": "1.1.1"
        },
        "body-parser": {
          "version": "1.19.0"
        },
        "content-disposition": {
          "version": "0.5.3"
        },
        "content-type": {
          "version": "1.0.4"
        },
        "cookie": {
          "version": "0.4.0"
        },
        "cookie-signature": {
          "version": "1.0.6"
        },
        "debug": {
          "version": "2.6.9"
        },
        "depd": {
          "version": "1.1.2"
        },
        "encodeurl": {
          "version": "1.0.2"
        },
        "escape-html": {
          "version": "1.0.3"
        },
        "etag": {
          "version": "1.8.1"
        },
        "finalhandler": {
          "version": "1.1.2"
        },
        "fresh": {
          "version": "0.5.2"
        },
        "merge-descriptors": {
          "version": "1.0.1"
        },
        "methods": {
          "version": "1.1.2"
        },
        "on-finished": {
          "version": "2.3.0"
        },
        "parseurl": {
          "version": "1.3.3"
        },
        "path-to-regexp": {
          "version": "0.1.7"
        },
        "proxy-addr": {
          "version": "2.0.6"
        },
        "qs": {
          "version": "6.7.0"
        },
        "range-parser": {
          "version": "1.2.1"
        },
        "safe-buffer": {
          "version": "5.1.2"
        },
        "send": {
          "version": "0.17.1"
        },
        "serve-static": {
          "version": "1.14.1"
        },
        "setprototypeof": {
          "version": "1.1.1"
        },
        "statuses": {
          "version": "1.5.0"
        },
        "type-is": {
          "version": "1.6.18"
        },
        "utils-merge": {
          "version": "1.0.1"
        },
        "vary": {
          "version": "1.1.2"
        }
      }
    },
    "knex": {
      "version": "file:node_modules/_knex@0.21.16@knex",
      "requires": {
        "colorette": "1.2.1",
        "commander": "^6.2.0",
        "debug": "4.3.1",
        "esm": "^3.2.25",
        "getopts": "2.2.5",
        "interpret": "^2.2.0",
        "liftoff": "3.1.0",
        "lodash": "^4.17.20",
        "pg-connection-string": "2.4.0",
        "tarn": "^3.0.1",
        "tildify": "2.0.0",
        "v8flags": "^3.2.0"
      },
      "dependencies": {
        "colorette": {
          "version": "1.2.1"
        },
        "commander": {
          "version": "6.2.1"
        },
        "debug": {
          "version": "file:node_modules/_debug@4.3.1@debug",
          "requires": {
            "ms": "2.1.2"
          },
          "dependencies": {
            "ms": {
              "version": "file:node_modules/_ms@2.1.2@ms"
            }
          }
        },
        "esm": {
          "version": "3.2.25"
        },
        "getopts": {
          "version": "2.2.5"
        },
        "interpret": {
          "version": "2.2.0"
        },
        "liftoff": {
          "version": "3.1.0"
        },
        "lodash": {
          "version": "4.17.20"
        },
        "pg-connection-string": {
          "version": "2.4.0"
        },
        "tarn": {
          "version": "3.0.1"
        },
        "tildify": {
          "version": "2.0.0"
        },
        "v8flags": {
          "version": "3.2.0"
        }
      }
    },
    "mysql": {
      "version": "file:node_modules/_mysql@2.18.1@mysql",
      "requires": {
        "bignumber.js": "9.0.0",
        "readable-stream": "2.3.7",
        "safe-buffer": "5.1.2",
        "sqlstring": "2.3.1"
      },
      "dependencies": {
        "bignumber.js": {
          "version": "9.0.0"
        },
        "readable-stream": {
          "version": "2.3.7"
        },
        "safe-buffer": {
          "version": "5.1.2"
        },
        "sqlstring": {
          "version": "2.3.1"
        }
      }
    }
  }
}
